
Microsoft Visual Studio Solution File, Format Version 12.00
# Visual Studio 15
Project("{FAE04EC0-301F-11D3-BF4B-00C04F79EFBC}") = "ChasingDots", "ChasingDots.csproj", "{7E44D0A1-8A6D-4860-B92A-BFC0654CBE12}"
EndProject
Global
	GlobalSection(SolutionConfigurationPlatforms) = preSolution
		Debug|Any CPU = Debug|Any CPU
		Release|Any CPU = Release|Any CPU
	EndGlobalSection
	GlobalSection(ProjectConfigurationPlatforms) = postSolution
		{7E44D0A1-8A6D-4860-B92A-BFC0654CBE12}.Debug|Any CPU.ActiveCfg = Debug|Any CPU
		{7E44D0A1-8A6D-4860-B92A-BFC0654CBE12}.Debug|Any CPU.Build.0 = Debug|Any CPU
		{7E44D0A1-8A6D-4860-B92A-BFC0654CBE12}.Release|Any CPU.ActiveCfg = Release|Any CPU
		{7E44D0A1-8A6D-4860-B92A-BFC0654CBE12}.Release|Any CPU.Build.0 = Release|Any CPU
	EndGlobalSection
EndGlobal
